
Microsoft Visual Studio Solution File, Format Version 12.00
# Visual Studio Version 16
VisualStudioVersion = 16.0.31424.327
MinimumVisualStudioVersion = 10.0.40219.1
Project("{8BC9CEB8-8B4A-11D0-8D11-00A0C91BC942}") = "project1_Dinic", "project1_Dinic.vcxproj", "{C3A04193-CEFA-42E8-A4DA-54ABF35D148E}"
EndProject
Global
	GlobalSection(SolutionConfigurationPlatforms) = preSolution
		Debug|x64 = Debug|x64
		Debug|x86 = Debug|x86
		Release|x64 = Release|x64
		Release|x86 = Release|x86
	EndGlobalSection
	GlobalSection(ProjectConfigurationPlatforms) = postSolution
		{C3A04193-CEFA-42E8-A4DA-54ABF35D148E}.Debug|x64.ActiveCfg = Debug|x64
		{C3A04193-CEFA-42E8-A4DA-54ABF35D148E}.Debug|x64.Build.0 = Debug|x64
		{C3A04193-CEFA-42E8-A4DA-54ABF35D148E}.Debug|x86.ActiveCfg = Debug|Win32
		{C3A04193-CEFA-42E8-A4DA-54ABF35D148E}.Debug|x86.Build.0 = Debug|Win32
		{C3A04193-CEFA-42E8-A4DA-54ABF35D148E}.Release|x64.ActiveCfg = Release|x64
		{C3A04193-CEFA-42E8-A4DA-54ABF35D148E}.Release|x64.Build.0 = Release|x64
		{C3A04193-CEFA-42E8-A4DA-54ABF35D148E}.Release|x86.ActiveCfg = Release|Win32
		{C3A04193-CEFA-42E8-A4DA-54ABF35D148E}.Release|x86.Build.0 = Release|Win32
	EndGlobalSection
	GlobalSection(SolutionProperties) = preSolution
		HideSolutionNode = FALSE
	EndGlobalSection
	GlobalSection(ExtensibilityGlobals) = postSolution
		SolutionGuid = {95E615E1-1DE2-4F69-A458-541331162D9E}
	EndGlobalSection
EndGlobal
